
Microsoft Visual Studio Solution File, Format Version 12.00
# Visual Studio 2012
VisualStudioVersion = 12.0.31101.0
MinimumVisualStudioVersion = 10.0.40219.1
Project("{FAE04EC0-301F-11D3-BF4B-00C04F79EFBC}") = "MARSLocalStarter", "MARSLocalStarter\MARSLocalStarter.csproj", "{9F7FBE17-2E7D-4F79-947E-3DA2F0A41296}"
EndProject
Project("{2150E333-8FDC-42A3-9474-1A3956D46DE8}") = "Models", "Models", "{C24852C9-CF9E-4B71-B817-A48B01B943B4}"
EndProject
Project("{2150E333-8FDC-42A3-9474-1A3956D46DE8}") = "Skukuza", "Skukuza", "{C99052F4-D70F-45F9-92C7-9777FF4DEF64}"
EndProject
Project("{FAE04EC0-301F-11D3-BF4B-00C04F79EFBC}") = "KNPMarulaLayer", "Models\Skukuza\MarulaLayer\KNPMarulaLayer.csproj", "{D40DCA76-49F5-4104-A29B-331AAAFEDF7C}"
EndProject
Project("{FAE04EC0-301F-11D3-BF4B-00C04F79EFBC}") = "KNPElevationLayer", "Models\Skukuza\KNPElevationLayer\KNPElevationLayer.csproj", "{1C6D432C-DD8A-4B0F-B219-075872AC5B6A}"
EndProject
Project("{FAE04EC0-301F-11D3-BF4B-00C04F79EFBC}") = "KNPEnvironmentLayer", "Models\Skukuza\KNPEnvironmentLayer\KNPEnvironmentLayer.csproj", "{B21F3130-AB1B-4932-AB8F-8B00E8E0FFE7}"
EndProject
Project("{FAE04EC0-301F-11D3-BF4B-00C04F79EFBC}") = "KNPFarmerLayer", "Models\Skukuza\KNPFarmerLayer\KNPFarmerLayer.csproj", "{C1931725-9890-4932-BA25-A0A401405DD1}"
EndProject
Project("{FAE04EC0-301F-11D3-BF4B-00C04F79EFBC}") = "KNPElephantLayer", "Models\Skukuza\KNPElephantLayer\KNPElephantLayer.csproj", "{4ECDB463-D9AD-4575-9E04-D81882B0042C}"
EndProject
Project("{FAE04EC0-301F-11D3-BF4B-00C04F79EFBC}") = "KNPWaterPointLayer", "Models\Skukuza\KNPWaterPointLayer\KNPWaterPointLayer.csproj", "{CA2FFDF5-0229-46BD-8749-68B9CB95EAC0}"
EndProject
Project("{FAE04EC0-301F-11D3-BF4B-00C04F79EFBC}") = "KNPVegetationLayer", "Models\Skukuza\KNPVegetationLayer\KNPVegetationLayer.csproj", "{F45FBF48-8903-4BE7-BAAB-DB2CE2A8788F}"
EndProject
Project("{2150E333-8FDC-42A3-9474-1A3956D46DE8}") = "CoalitionHunting", "CoalitionHunting", "{3F22B802-3279-4EFD-B202-41515FD116CE}"
EndProject
Project("{FAE04EC0-301F-11D3-BF4B-00C04F79EFBC}") = "KNPLionLayer", "Models\CoalitionHunting\KNPLionLayer\KNPLionLayer.csproj", "{A5554C0E-1806-48F2-B9C8-EF24781FC214}"
EndProject
Project("{2150E333-8FDC-42A3-9474-1A3956D46DE8}") = ".nuget", ".nuget", "{D41BE5B3-0AF5-4018-921E-5FAEC284F545}"
EndProject
Global
	GlobalSection(SolutionConfigurationPlatforms) = preSolution
		Debug|Any CPU = Debug|Any CPU
		Release|Any CPU = Release|Any CPU
	EndGlobalSection
	GlobalSection(ProjectConfigurationPlatforms) = postSolution
		{1C6D432C-DD8A-4B0F-B219-075872AC5B6A}.Debug|Any CPU.ActiveCfg = Debug|Any CPU
		{1C6D432C-DD8A-4B0F-B219-075872AC5B6A}.Debug|Any CPU.Build.0 = Debug|Any CPU
		{1C6D432C-DD8A-4B0F-B219-075872AC5B6A}.Release|Any CPU.ActiveCfg = Release|Any CPU
		{1C6D432C-DD8A-4B0F-B219-075872AC5B6A}.Release|Any CPU.Build.0 = Release|Any CPU
		{4ECDB463-D9AD-4575-9E04-D81882B0042C}.Debug|Any CPU.ActiveCfg = Debug|Any CPU
		{4ECDB463-D9AD-4575-9E04-D81882B0042C}.Debug|Any CPU.Build.0 = Debug|Any CPU
		{4ECDB463-D9AD-4575-9E04-D81882B0042C}.Release|Any CPU.ActiveCfg = Release|Any CPU
		{4ECDB463-D9AD-4575-9E04-D81882B0042C}.Release|Any CPU.Build.0 = Release|Any CPU
		{9F7FBE17-2E7D-4F79-947E-3DA2F0A41296}.Debug|Any CPU.ActiveCfg = Debug|Any CPU
		{9F7FBE17-2E7D-4F79-947E-3DA2F0A41296}.Debug|Any CPU.Build.0 = Debug|Any CPU
		{9F7FBE17-2E7D-4F79-947E-3DA2F0A41296}.Release|Any CPU.ActiveCfg = Release|Any CPU
		{9F7FBE17-2E7D-4F79-947E-3DA2F0A41296}.Release|Any CPU.Build.0 = Release|Any CPU
		{A5554C0E-1806-48F2-B9C8-EF24781FC214}.Debug|Any CPU.ActiveCfg = Debug|Any CPU
		{A5554C0E-1806-48F2-B9C8-EF24781FC214}.Debug|Any CPU.Build.0 = Debug|Any CPU
		{A5554C0E-1806-48F2-B9C8-EF24781FC214}.Release|Any CPU.ActiveCfg = Release|Any CPU
		{A5554C0E-1806-48F2-B9C8-EF24781FC214}.Release|Any CPU.Build.0 = Release|Any CPU
		{B21F3130-AB1B-4932-AB8F-8B00E8E0FFE7}.Debug|Any CPU.ActiveCfg = Debug|Any CPU
		{B21F3130-AB1B-4932-AB8F-8B00E8E0FFE7}.Debug|Any CPU.Build.0 = Debug|Any CPU
		{B21F3130-AB1B-4932-AB8F-8B00E8E0FFE7}.Release|Any CPU.ActiveCfg = Release|Any CPU
		{B21F3130-AB1B-4932-AB8F-8B00E8E0FFE7}.Release|Any CPU.Build.0 = Release|Any CPU
		{C1931725-9890-4932-BA25-A0A401405DD1}.Debug|Any CPU.ActiveCfg = Debug|Any CPU
		{C1931725-9890-4932-BA25-A0A401405DD1}.Debug|Any CPU.Build.0 = Debug|Any CPU
		{C1931725-9890-4932-BA25-A0A401405DD1}.Release|Any CPU.ActiveCfg = Release|Any CPU
		{C1931725-9890-4932-BA25-A0A401405DD1}.Release|Any CPU.Build.0 = Release|Any CPU
		{CA2FFDF5-0229-46BD-8749-68B9CB95EAC0}.Debug|Any CPU.ActiveCfg = Debug|Any CPU
		{CA2FFDF5-0229-46BD-8749-68B9CB95EAC0}.Debug|Any CPU.Build.0 = Debug|Any CPU
		{CA2FFDF5-0229-46BD-8749-68B9CB95EAC0}.Release|Any CPU.ActiveCfg = Release|Any CPU
		{CA2FFDF5-0229-46BD-8749-68B9CB95EAC0}.Release|Any CPU.Build.0 = Release|Any CPU
		{D40DCA76-49F5-4104-A29B-331AAAFEDF7C}.Debug|Any CPU.ActiveCfg = Debug|Any CPU
		{D40DCA76-49F5-4104-A29B-331AAAFEDF7C}.Debug|Any CPU.Build.0 = Debug|Any CPU
		{D40DCA76-49F5-4104-A29B-331AAAFEDF7C}.Release|Any CPU.ActiveCfg = Release|Any CPU
		{D40DCA76-49F5-4104-A29B-331AAAFEDF7C}.Release|Any CPU.Build.0 = Release|Any CPU
		{F45FBF48-8903-4BE7-BAAB-DB2CE2A8788F}.Debug|Any CPU.ActiveCfg = Debug|Any CPU
		{F45FBF48-8903-4BE7-BAAB-DB2CE2A8788F}.Debug|Any CPU.Build.0 = Debug|Any CPU
		{F45FBF48-8903-4BE7-BAAB-DB2CE2A8788F}.Release|Any CPU.ActiveCfg = Release|Any CPU
		{F45FBF48-8903-4BE7-BAAB-DB2CE2A8788F}.Release|Any CPU.Build.0 = Release|Any CPU
	EndGlobalSection
	GlobalSection(NestedProjects) = preSolution
		{C99052F4-D70F-45F9-92C7-9777FF4DEF64} = {C24852C9-CF9E-4B71-B817-A48B01B943B4}
		{3F22B802-3279-4EFD-B202-41515FD116CE} = {C24852C9-CF9E-4B71-B817-A48B01B943B4}
		{D40DCA76-49F5-4104-A29B-331AAAFEDF7C} = {C99052F4-D70F-45F9-92C7-9777FF4DEF64}
		{1C6D432C-DD8A-4B0F-B219-075872AC5B6A} = {C99052F4-D70F-45F9-92C7-9777FF4DEF64}
		{B21F3130-AB1B-4932-AB8F-8B00E8E0FFE7} = {C99052F4-D70F-45F9-92C7-9777FF4DEF64}
		{C1931725-9890-4932-BA25-A0A401405DD1} = {C99052F4-D70F-45F9-92C7-9777FF4DEF64}
		{4ECDB463-D9AD-4575-9E04-D81882B0042C} = {C99052F4-D70F-45F9-92C7-9777FF4DEF64}
		{CA2FFDF5-0229-46BD-8749-68B9CB95EAC0} = {C99052F4-D70F-45F9-92C7-9777FF4DEF64}
		{F45FBF48-8903-4BE7-BAAB-DB2CE2A8788F} = {C99052F4-D70F-45F9-92C7-9777FF4DEF64}
		{A5554C0E-1806-48F2-B9C8-EF24781FC214} = {3F22B802-3279-4EFD-B202-41515FD116CE}
	EndGlobalSection
	GlobalSection(SolutionProperties) = preSolution
		HideSolutionNode = FALSE
	EndGlobalSection
EndGlobal
